
Microsoft Visual Studio Solution File, Format Version 12.00
# Visual Studio Version 16
VisualStudioVersion = 25.0.1703.5
MinimumVisualStudioVersion = 10.0.40219.1
Project("{FAE04EC0-301F-11D3-BF4B-00C04F79EFBC}") = "UCFreshBooks", "UCFreshBooks\UCFreshBooks.csproj", "{A1D98715-A3A6-4E45-B5DB-83E8783F528F}"
EndProject
Global
	GlobalSection(SolutionConfigurationPlatforms) = preSolution
		Debug|Any CPU = Debug|Any CPU
		Release|Any CPU = Release|Any CPU
	EndGlobalSection
	GlobalSection(ProjectConfigurationPlatforms) = postSolution
		{A1D98715-A3A6-4E45-B5DB-83E8783F528F}.Debug|Any CPU.ActiveCfg = Debug|Any CPU
		{A1D98715-A3A6-4E45-B5DB-83E8783F528F}.Debug|Any CPU.Build.0 = Debug|Any CPU
		{A1D98715-A3A6-4E45-B5DB-83E8783F528F}.Release|Any CPU.ActiveCfg = Release|Any CPU
		{A1D98715-A3A6-4E45-B5DB-83E8783F528F}.Release|Any CPU.Build.0 = Release|Any CPU
	EndGlobalSection
	GlobalSection(SolutionProperties) = preSolution
		HideSolutionNode = FALSE
	EndGlobalSection
	GlobalSection(ExtensibilityGlobals) = postSolution
		SolutionGuid = {CF3B4BC7-5295-4D25-823F-7A6946A5327B}
	EndGlobalSection
EndGlobal
